
Microsoft Visual Studio Solution File, Format Version 12.00
# Visual Studio Version 16
VisualStudioVersion = 16.0.31112.23
MinimumVisualStudioVersion = 10.0.40219.1
Project("{FAE04EC0-301F-11D3-BF4B-00C04F79EFBC}") = "LocalizationTest", "LocalizationTest\LocalizationTest.csproj", "{02113D8F-BBD5-4D76-B44D-ADC4FB9283F8}"
EndProject
Global
	GlobalSection(SolutionConfigurationPlatforms) = preSolution
		Debug|Any CPU = Debug|Any CPU
		Release|Any CPU = Release|Any CPU
	EndGlobalSection
	GlobalSection(ProjectConfigurationPlatforms) = postSolution
		{02113D8F-BBD5-4D76-B44D-ADC4FB9283F8}.Debug|Any CPU.ActiveCfg = Debug|Any CPU
		{02113D8F-BBD5-4D76-B44D-ADC4FB9283F8}.Debug|Any CPU.Build.0 = Debug|Any CPU
		{02113D8F-BBD5-4D76-B44D-ADC4FB9283F8}.Release|Any CPU.ActiveCfg = Release|Any CPU
		{02113D8F-BBD5-4D76-B44D-ADC4FB9283F8}.Release|Any CPU.Build.0 = Release|Any CPU
	EndGlobalSection
	GlobalSection(SolutionProperties) = preSolution
		HideSolutionNode = FALSE
	EndGlobalSection
	GlobalSection(ExtensibilityGlobals) = postSolution
		SolutionGuid = {E272DAE8-79C8-44D7-9176-BF50EA3AEF07}
	EndGlobalSection
EndGlobal
